
Microsoft Visual Studio Solution File, Format Version 12.00
# Visual Studio Version 17
VisualStudioVersion = 17.12.35506.116
MinimumVisualStudioVersion = 10.0.40219.1
Project("{FAE04EC0-301F-11D3-BF4B-00C04F79EFBC}") = "RazorBlogProject", "RazorBlogProject.csproj", "{CA3B2A4C-44AA-44E5-B05E-22D0F69F068E}"
EndProject
Global
	GlobalSection(SolutionConfigurationPlatforms) = preSolution
		Debug|Any CPU = Debug|Any CPU
		Release|Any CPU = Release|Any CPU
	EndGlobalSection
	GlobalSection(ProjectConfigurationPlatforms) = postSolution
		{CA3B2A4C-44AA-44E5-B05E-22D0F69F068E}.Debug|Any CPU.ActiveCfg = Debug|Any CPU
		{CA3B2A4C-44AA-44E5-B05E-22D0F69F068E}.Debug|Any CPU.Build.0 = Debug|Any CPU
		{CA3B2A4C-44AA-44E5-B05E-22D0F69F068E}.Release|Any CPU.ActiveCfg = Release|Any CPU
		{CA3B2A4C-44AA-44E5-B05E-22D0F69F068E}.Release|Any CPU.Build.0 = Release|Any CPU
	EndGlobalSection
	GlobalSection(SolutionProperties) = preSolution
		HideSolutionNode = FALSE
	EndGlobalSection
EndGlobal
